
Microsoft Visual Studio Solution File, Format Version 12.00
# Visual Studio Version 16
VisualStudioVersion = 16.0.30907.101
MinimumVisualStudioVersion = 15.0.26124.0
Project("{2150E333-8FDC-42A3-9474-1A3956D46DE8}") = "src", "src", "{5250B6B5-B041-437F-9EB1-9F9C953C9A3D}"
EndProject
Project("{2150E333-8FDC-42A3-9474-1A3956D46DE8}") = "1 - Solução de Problemas em CSharp", "1 - Solução de Problemas em CSharp", "{D1A6371C-8CD0-43F8-835E-7C650D68E297}"
EndProject
Project("{2150E333-8FDC-42A3-9474-1A3956D46DE8}") = "2 - Criando uma Aplicação de Transferências Bancárias com .NET", "2 - Criando uma Aplicação de Transferências Bancárias com .NET", "{E034DF74-30A8-4F1A-AB1F-5FB79754E773}"
EndProject
Project("{2150E333-8FDC-42A3-9474-1A3956D46DE8}") = "3 - Desafios Aritméticos em CSharp", "3 - Desafios Aritméticos em CSharp", "{CECF251D-10C5-4D61-A621-ABDC509A1556}"
EndProject
Project("{9A19103F-16F7-4668-BE54-9A1E7A4F7556}") = "Consumo Médio do Automóvel", "src\1 - Solução de Problemas em CSharp\Consumo Médio do Automóvel\Consumo Médio do Automóvel.csproj", "{F69CE541-72AB-4936-A58F-6E2EB7E38380}"
EndProject
Project("{9A19103F-16F7-4668-BE54-9A1E7A4F7556}") = "DDD", "src\1 - Solução de Problemas em CSharp\DDD\DDD.csproj", "{ABBC4AF8-49CE-429D-A7B7-C6D3CD6EB59A}"
EndProject
Project("{9A19103F-16F7-4668-BE54-9A1E7A4F7556}") = "Aumento de Salário", "src\1 - Solução de Problemas em CSharp\Aumento de Salário\Aumento de Salário.csproj", "{628F5F51-2283-4245-889A-3CB6B375ED5C}"
EndProject
Project("{9A19103F-16F7-4668-BE54-9A1E7A4F7556}") = "Transferências Bancárias", "src\2 - Criando uma Aplicação de Transferências Bancárias com .NET\Transferências Bancárias\Transferências Bancárias.csproj", "{814E913F-DF37-4803-91DF-10E56CBF9796}"
EndProject
Project("{9A19103F-16F7-4668-BE54-9A1E7A4F7556}") = "Média", "src\3 - Desafios Aritméticos em CSharp\Média\Média.csproj", "{12DC0BC9-5A7E-44B7-AFC5-FE27D2A45212}"
EndProject
Project("{9A19103F-16F7-4668-BE54-9A1E7A4F7556}") = "Crescimento Populacional", "src\3 - Desafios Aritméticos em CSharp\Crescimento Populacional\Crescimento Populacional.csproj", "{7A2E8F42-F218-4A10-9E74-E35DADE14B22}"
EndProject
Project("{9A19103F-16F7-4668-BE54-9A1E7A4F7556}") = "Bazinga!", "src\3 - Desafios Aritméticos em CSharp\Bazinga!\Bazinga!.csproj", "{D8A7E9C3-5658-4899-A1F8-783E946F8A8D}"
EndProject
Project("{9A19103F-16F7-4668-BE54-9A1E7A4F7556}") = "Tempo de um Evento", "src\3 - Desafios Aritméticos em CSharp\Tempo de um Evento\Tempo de um Evento.csproj", "{680303C5-36BA-48BF-BAB5-819F7D701AB0}"
EndProject
Project("{9A19103F-16F7-4668-BE54-9A1E7A4F7556}") = "Comunicação em Piralândia", "src\3 - Desafios Aritméticos em CSharp\Comunicação em Piralândia\Comunicação em Piralândia.csproj", "{CD752C47-3913-4D57-86D0-8290AC028A75}"
EndProject
Project("{2150E333-8FDC-42A3-9474-1A3956D46DE8}") = "4 - Criando um APP simples de cadastro de séries em .NET", "4 - Criando um APP simples de cadastro de séries em .NET", "{8B71A4AB-55C0-48CB-93EB-DA076FAF44F3}"
EndProject
Project("{9A19103F-16F7-4668-BE54-9A1E7A4F7556}") = "Cadastro de Séries", "src\4 - Criando um APP simples de cadastro de séries em .NET\Cadastro de Séries\Cadastro de Séries.csproj", "{8FE67387-D645-43EF-B9C3-8FAAEADB4139}"
EndProject
Project("{2150E333-8FDC-42A3-9474-1A3956D46DE8}") = "5 - Desenvolvimento de Aplicações com .NET", "5 - Desenvolvimento de Aplicações com .NET", "{EC438A49-4229-497C-8ADA-96BCA6FDFC58}"
EndProject
Project("{2150E333-8FDC-42A3-9474-1A3956D46DE8}") = "App", "App", "{87CBFAC9-FAE2-4ED1-A694-CCEBA6973B44}"
EndProject
Project("{2150E333-8FDC-42A3-9474-1A3956D46DE8}") = "Api", "Api", "{35EAA0B4-7304-4208-89A6-85C7C36FFBD5}"
EndProject
Project("{2150E333-8FDC-42A3-9474-1A3956D46DE8}") = "Test", "Test", "{054A4240-F802-4D96-87E7-D0E9048AD38F}"
EndProject
Project("{FAE04EC0-301F-11D3-BF4B-00C04F79EFBC}") = "CursoMVC.App", "src\5 - Desenvolvimento de Aplicações com .NET\App\CursoMVC.App\CursoMVC.App.csproj", "{46842DCB-5B98-458E-98D8-8C10D2968F2C}"
EndProject
Project("{FAE04EC0-301F-11D3-BF4B-00C04F79EFBC}") = "CursoMVC.Data", "src\5 - Desenvolvimento de Aplicações com .NET\App\CursoMVC.Data\CursoMVC.Data.csproj", "{FA74D532-5379-40CE-83AA-AA1119E42AEF}"
EndProject
Project("{FAE04EC0-301F-11D3-BF4B-00C04F79EFBC}") = "CursoMVC.Business", "src\5 - Desenvolvimento de Aplicações com .NET\App\CursoMVC.Business\CursoMVC.Business.csproj", "{2AB35DD5-E64D-428F-95A0-3998EF9DA598}"
EndProject
Global
	GlobalSection(SolutionConfigurationPlatforms) = preSolution
		Debug|Any CPU = Debug|Any CPU
		Debug|x64 = Debug|x64
		Debug|x86 = Debug|x86
		Release|Any CPU = Release|Any CPU
		Release|x64 = Release|x64
		Release|x86 = Release|x86
	EndGlobalSection
	GlobalSection(ProjectConfigurationPlatforms) = postSolution
		{F69CE541-72AB-4936-A58F-6E2EB7E38380}.Debug|Any CPU.ActiveCfg = Debug|Any CPU
		{F69CE541-72AB-4936-A58F-6E2EB7E38380}.Debug|Any CPU.Build.0 = Debug|Any CPU
		{F69CE541-72AB-4936-A58F-6E2EB7E38380}.Debug|x64.ActiveCfg = Debug|Any CPU
		{F69CE541-72AB-4936-A58F-6E2EB7E38380}.Debug|x64.Build.0 = Debug|Any CPU
		{F69CE541-72AB-4936-A58F-6E2EB7E38380}.Debug|x86.ActiveCfg = Debug|Any CPU
		{F69CE541-72AB-4936-A58F-6E2EB7E38380}.Debug|x86.Build.0 = Debug|Any CPU
		{F69CE541-72AB-4936-A58F-6E2EB7E38380}.Release|Any CPU.ActiveCfg = Release|Any CPU
		{F69CE541-72AB-4936-A58F-6E2EB7E38380}.Release|Any CPU.Build.0 = Release|Any CPU
		{F69CE541-72AB-4936-A58F-6E2EB7E38380}.Release|x64.ActiveCfg = Release|Any CPU
		{F69CE541-72AB-4936-A58F-6E2EB7E38380}.Release|x64.Build.0 = Release|Any CPU
		{F69CE541-72AB-4936-A58F-6E2EB7E38380}.Release|x86.ActiveCfg = Release|Any CPU
		{F69CE541-72AB-4936-A58F-6E2EB7E38380}.Release|x86.Build.0 = Release|Any CPU
		{ABBC4AF8-49CE-429D-A7B7-C6D3CD6EB59A}.Debug|Any CPU.ActiveCfg = Debug|Any CPU
		{ABBC4AF8-49CE-429D-A7B7-C6D3CD6EB59A}.Debug|Any CPU.Build.0 = Debug|Any CPU
		{ABBC4AF8-49CE-429D-A7B7-C6D3CD6EB59A}.Debug|x64.ActiveCfg = Debug|Any CPU
		{ABBC4AF8-49CE-429D-A7B7-C6D3CD6EB59A}.Debug|x64.Build.0 = Debug|Any CPU
		{ABBC4AF8-49CE-429D-A7B7-C6D3CD6EB59A}.Debug|x86.ActiveCfg = Debug|Any CPU
		{ABBC4AF8-49CE-429D-A7B7-C6D3CD6EB59A}.Debug|x86.Build.0 = Debug|Any CPU
		{ABBC4AF8-49CE-429D-A7B7-C6D3CD6EB59A}.Release|Any CPU.ActiveCfg = Release|Any CPU
		{ABBC4AF8-49CE-429D-A7B7-C6D3CD6EB59A}.Release|Any CPU.Build.0 = Release|Any CPU
		{ABBC4AF8-49CE-429D-A7B7-C6D3CD6EB59A}.Release|x64.ActiveCfg = Release|Any CPU
		{ABBC4AF8-49CE-429D-A7B7-C6D3CD6EB59A}.Release|x64.Build.0 = Release|Any CPU
		{ABBC4AF8-49CE-429D-A7B7-C6D3CD6EB59A}.Release|x86.ActiveCfg = Release|Any CPU
		{ABBC4AF8-49CE-429D-A7B7-C6D3CD6EB59A}.Release|x86.Build.0 = Release|Any CPU
		{628F5F51-2283-4245-889A-3CB6B375ED5C}.Debug|Any CPU.ActiveCfg = Debug|Any CPU
		{628F5F51-2283-4245-889A-3CB6B375ED5C}.Debug|Any CPU.Build.0 = Debug|Any CPU
		{628F5F51-2283-4245-889A-3CB6B375ED5C}.Debug|x64.ActiveCfg = Debug|Any CPU
		{628F5F51-2283-4245-889A-3CB6B375ED5C}.Debug|x64.Build.0 = Debug|Any CPU
		{628F5F51-2283-4245-889A-3CB6B375ED5C}.Debug|x86.ActiveCfg = Debug|Any CPU
		{628F5F51-2283-4245-889A-3CB6B375ED5C}.Debug|x86.Build.0 = Debug|Any CPU
		{628F5F51-2283-4245-889A-3CB6B375ED5C}.Release|Any CPU.ActiveCfg = Release|Any CPU
		{628F5F51-2283-4245-889A-3CB6B375ED5C}.Release|Any CPU.Build.0 = Release|Any CPU
		{628F5F51-2283-4245-889A-3CB6B375ED5C}.Release|x64.ActiveCfg = Release|Any CPU
		{628F5F51-2283-4245-889A-3CB6B375ED5C}.Release|x64.Build.0 = Release|Any CPU
		{628F5F51-2283-4245-889A-3CB6B375ED5C}.Release|x86.ActiveCfg = Release|Any CPU
		{628F5F51-2283-4245-889A-3CB6B375ED5C}.Release|x86.Build.0 = Release|Any CPU
		{814E913F-DF37-4803-91DF-10E56CBF9796}.Debug|Any CPU.ActiveCfg = Debug|Any CPU
		{814E913F-DF37-4803-91DF-10E56CBF9796}.Debug|Any CPU.Build.0 = Debug|Any CPU
		{814E913F-DF37-4803-91DF-10E56CBF9796}.Debug|x64.ActiveCfg = Debug|Any CPU
		{814E913F-DF37-4803-91DF-10E56CBF9796}.Debug|x64.Build.0 = Debug|Any CPU
		{814E913F-DF37-4803-91DF-10E56CBF9796}.Debug|x86.ActiveCfg = Debug|Any CPU
		{814E913F-DF37-4803-91DF-10E56CBF9796}.Debug|x86.Build.0 = Debug|Any CPU
		{814E913F-DF37-4803-91DF-10E56CBF9796}.Release|Any CPU.ActiveCfg = Release|Any CPU
		{814E913F-DF37-4803-91DF-10E56CBF9796}.Release|Any CPU.Build.0 = Release|Any CPU
		{814E913F-DF37-4803-91DF-10E56CBF9796}.Release|x64.ActiveCfg = Release|Any CPU
		{814E913F-DF37-4803-91DF-10E56CBF9796}.Release|x64.Build.0 = Release|Any CPU
		{814E913F-DF37-4803-91DF-10E56CBF9796}.Release|x86.ActiveCfg = Release|Any CPU
		{814E913F-DF37-4803-91DF-10E56CBF9796}.Release|x86.Build.0 = Release|Any CPU
		{12DC0BC9-5A7E-44B7-AFC5-FE27D2A45212}.Debug|Any CPU.ActiveCfg = Debug|Any CPU
		{12DC0BC9-5A7E-44B7-AFC5-FE27D2A45212}.Debug|Any CPU.Build.0 = Debug|Any CPU
		{12DC0BC9-5A7E-44B7-AFC5-FE27D2A45212}.Debug|x64.ActiveCfg = Debug|Any CPU
		{12DC0BC9-5A7E-44B7-AFC5-FE27D2A45212}.Debug|x64.Build.0 = Debug|Any CPU
		{12DC0BC9-5A7E-44B7-AFC5-FE27D2A45212}.Debug|x86.ActiveCfg = Debug|Any CPU
		{12DC0BC9-5A7E-44B7-AFC5-FE27D2A45212}.Debug|x86.Build.0 = Debug|Any CPU
		{12DC0BC9-5A7E-44B7-AFC5-FE27D2A45212}.Release|Any CPU.ActiveCfg = Release|Any CPU
		{12DC0BC9-5A7E-44B7-AFC5-FE27D2A45212}.Release|Any CPU.Build.0 = Release|Any CPU
		{12DC0BC9-5A7E-44B7-AFC5-FE27D2A45212}.Release|x64.ActiveCfg = Release|Any CPU
		{12DC0BC9-5A7E-44B7-AFC5-FE27D2A45212}.Release|x64.Build.0 = Release|Any CPU
		{12DC0BC9-5A7E-44B7-AFC5-FE27D2A45212}.Release|x86.ActiveCfg = Release|Any CPU
		{12DC0BC9-5A7E-44B7-AFC5-FE27D2A45212}.Release|x86.Build.0 = Release|Any CPU
		{7A2E8F42-F218-4A10-9E74-E35DADE14B22}.Debug|Any CPU.ActiveCfg = Debug|Any CPU
		{7A2E8F42-F218-4A10-9E74-E35DADE14B22}.Debug|Any CPU.Build.0 = Debug|Any CPU
		{7A2E8F42-F218-4A10-9E74-E35DADE14B22}.Debug|x64.ActiveCfg = Debug|Any CPU
		{7A2E8F42-F218-4A10-9E74-E35DADE14B22}.Debug|x64.Build.0 = Debug|Any CPU
		{7A2E8F42-F218-4A10-9E74-E35DADE14B22}.Debug|x86.ActiveCfg = Debug|Any CPU
		{7A2E8F42-F218-4A10-9E74-E35DADE14B22}.Debug|x86.Build.0 = Debug|Any CPU
		{7A2E8F42-F218-4A10-9E74-E35DADE14B22}.Release|Any CPU.ActiveCfg = Release|Any CPU
		{7A2E8F42-F218-4A10-9E74-E35DADE14B22}.Release|Any CPU.Build.0 = Release|Any CPU
		{7A2E8F42-F218-4A10-9E74-E35DADE14B22}.Release|x64.ActiveCfg = Release|Any CPU
		{7A2E8F42-F218-4A10-9E74-E35DADE14B22}.Release|x64.Build.0 = Release|Any CPU
		{7A2E8F42-F218-4A10-9E74-E35DADE14B22}.Release|x86.ActiveCfg = Release|Any CPU
		{7A2E8F42-F218-4A10-9E74-E35DADE14B22}.Release|x86.Build.0 = Release|Any CPU
		{D8A7E9C3-5658-4899-A1F8-783E946F8A8D}.Debug|Any CPU.ActiveCfg = Debug|Any CPU
		{D8A7E9C3-5658-4899-A1F8-783E946F8A8D}.Debug|Any CPU.Build.0 = Debug|Any CPU
		{D8A7E9C3-5658-4899-A1F8-783E946F8A8D}.Debug|x64.ActiveCfg = Debug|Any CPU
		{D8A7E9C3-5658-4899-A1F8-783E946F8A8D}.Debug|x64.Build.0 = Debug|Any CPU
		{D8A7E9C3-5658-4899-A1F8-783E946F8A8D}.Debug|x86.ActiveCfg = Debug|Any CPU
		{D8A7E9C3-5658-4899-A1F8-783E946F8A8D}.Debug|x86.Build.0 = Debug|Any CPU
		{D8A7E9C3-5658-4899-A1F8-783E946F8A8D}.Release|Any CPU.ActiveCfg = Release|Any CPU
		{D8A7E9C3-5658-4899-A1F8-783E946F8A8D}.Release|Any CPU.Build.0 = Release|Any CPU
		{D8A7E9C3-5658-4899-A1F8-783E946F8A8D}.Release|x64.ActiveCfg = Release|Any CPU
		{D8A7E9C3-5658-4899-A1F8-783E946F8A8D}.Release|x64.Build.0 = Release|Any CPU
		{D8A7E9C3-5658-4899-A1F8-783E946F8A8D}.Release|x86.ActiveCfg = Release|Any CPU
		{D8A7E9C3-5658-4899-A1F8-783E946F8A8D}.Release|x86.Build.0 = Release|Any CPU
		{680303C5-36BA-48BF-BAB5-819F7D701AB0}.Debug|Any CPU.ActiveCfg = Debug|Any CPU
		{680303C5-36BA-48BF-BAB5-819F7D701AB0}.Debug|Any CPU.Build.0 = Debug|Any CPU
		{680303C5-36BA-48BF-BAB5-819F7D701AB0}.Debug|x64.ActiveCfg = Debug|Any CPU
		{680303C5-36BA-48BF-BAB5-819F7D701AB0}.Debug|x64.Build.0 = Debug|Any CPU
		{680303C5-36BA-48BF-BAB5-819F7D701AB0}.Debug|x86.ActiveCfg = Debug|Any CPU
		{680303C5-36BA-48BF-BAB5-819F7D701AB0}.Debug|x86.Build.0 = Debug|Any CPU
		{680303C5-36BA-48BF-BAB5-819F7D701AB0}.Release|Any CPU.ActiveCfg = Release|Any CPU
		{680303C5-36BA-48BF-BAB5-819F7D701AB0}.Release|Any CPU.Build.0 = Release|Any CPU
		{680303C5-36BA-48BF-BAB5-819F7D701AB0}.Release|x64.ActiveCfg = Release|Any CPU
		{680303C5-36BA-48BF-BAB5-819F7D701AB0}.Release|x64.Build.0 = Release|Any CPU
		{680303C5-36BA-48BF-BAB5-819F7D701AB0}.Release|x86.ActiveCfg = Release|Any CPU
		{680303C5-36BA-48BF-BAB5-819F7D701AB0}.Release|x86.Build.0 = Release|Any CPU
		{CD752C47-3913-4D57-86D0-8290AC028A75}.Debug|Any CPU.ActiveCfg = Debug|Any CPU
		{CD752C47-3913-4D57-86D0-8290AC028A75}.Debug|Any CPU.Build.0 = Debug|Any CPU
		{CD752C47-3913-4D57-86D0-8290AC028A75}.Debug|x64.ActiveCfg = Debug|Any CPU
		{CD752C47-3913-4D57-86D0-8290AC028A75}.Debug|x64.Build.0 = Debug|Any CPU
		{CD752C47-3913-4D57-86D0-8290AC028A75}.Debug|x86.ActiveCfg = Debug|Any CPU
		{CD752C47-3913-4D57-86D0-8290AC028A75}.Debug|x86.Build.0 = Debug|Any CPU
		{CD752C47-3913-4D57-86D0-8290AC028A75}.Release|Any CPU.ActiveCfg = Release|Any CPU
		{CD752C47-3913-4D57-86D0-8290AC028A75}.Release|Any CPU.Build.0 = Release|Any CPU
		{CD752C47-3913-4D57-86D0-8290AC028A75}.Release|x64.ActiveCfg = Release|Any CPU
		{CD752C47-3913-4D57-86D0-8290AC028A75}.Release|x64.Build.0 = Release|Any CPU
		{CD752C47-3913-4D57-86D0-8290AC028A75}.Release|x86.ActiveCfg = Release|Any CPU
		{CD752C47-3913-4D57-86D0-8290AC028A75}.Release|x86.Build.0 = Release|Any CPU
		{8FE67387-D645-43EF-B9C3-8FAAEADB4139}.Debug|Any CPU.ActiveCfg = Debug|Any CPU
		{8FE67387-D645-43EF-B9C3-8FAAEADB4139}.Debug|Any CPU.Build.0 = Debug|Any CPU
		{8FE67387-D645-43EF-B9C3-8FAAEADB4139}.Debug|x64.ActiveCfg = Debug|Any CPU
		{8FE67387-D645-43EF-B9C3-8FAAEADB4139}.Debug|x64.Build.0 = Debug|Any CPU
		{8FE67387-D645-43EF-B9C3-8FAAEADB4139}.Debug|x86.ActiveCfg = Debug|Any CPU
		{8FE67387-D645-43EF-B9C3-8FAAEADB4139}.Debug|x86.Build.0 = Debug|Any CPU
		{8FE67387-D645-43EF-B9C3-8FAAEADB4139}.Release|Any CPU.ActiveCfg = Release|Any CPU
		{8FE67387-D645-43EF-B9C3-8FAAEADB4139}.Release|Any CPU.Build.0 = Release|Any CPU
		{8FE67387-D645-43EF-B9C3-8FAAEADB4139}.Release|x64.ActiveCfg = Release|Any CPU
		{8FE67387-D645-43EF-B9C3-8FAAEADB4139}.Release|x64.Build.0 = Release|Any CPU
		{8FE67387-D645-43EF-B9C3-8FAAEADB4139}.Release|x86.ActiveCfg = Release|Any CPU
		{8FE67387-D645-43EF-B9C3-8FAAEADB4139}.Release|x86.Build.0 = Release|Any CPU
		{46842DCB-5B98-458E-98D8-8C10D2968F2C}.Debug|Any CPU.ActiveCfg = Debug|Any CPU
		{46842DCB-5B98-458E-98D8-8C10D2968F2C}.Debug|Any CPU.Build.0 = Debug|Any CPU
		{46842DCB-5B98-458E-98D8-8C10D2968F2C}.Debug|x64.ActiveCfg = Debug|Any CPU
		{46842DCB-5B98-458E-98D8-8C10D2968F2C}.Debug|x64.Build.0 = Debug|Any CPU
		{46842DCB-5B98-458E-98D8-8C10D2968F2C}.Debug|x86.ActiveCfg = Debug|Any CPU
		{46842DCB-5B98-458E-98D8-8C10D2968F2C}.Debug|x86.Build.0 = Debug|Any CPU
		{46842DCB-5B98-458E-98D8-8C10D2968F2C}.Release|Any CPU.ActiveCfg = Release|Any CPU
		{46842DCB-5B98-458E-98D8-8C10D2968F2C}.Release|Any CPU.Build.0 = Release|Any CPU
		{46842DCB-5B98-458E-98D8-8C10D2968F2C}.Release|x64.ActiveCfg = Release|Any CPU
		{46842DCB-5B98-458E-98D8-8C10D2968F2C}.Release|x64.Build.0 = Release|Any CPU
		{46842DCB-5B98-458E-98D8-8C10D2968F2C}.Release|x86.ActiveCfg = Release|Any CPU
		{46842DCB-5B98-458E-98D8-8C10D2968F2C}.Release|x86.Build.0 = Release|Any CPU
		{FA74D532-5379-40CE-83AA-AA1119E42AEF}.Debug|Any CPU.ActiveCfg = Debug|Any CPU
		{FA74D532-5379-40CE-83AA-AA1119E42AEF}.Debug|Any CPU.Build.0 = Debug|Any CPU
		{FA74D532-5379-40CE-83AA-AA1119E42AEF}.Debug|x64.ActiveCfg = Debug|Any CPU
		{FA74D532-5379-40CE-83AA-AA1119E42AEF}.Debug|x64.Build.0 = Debug|Any CPU
		{FA74D532-5379-40CE-83AA-AA1119E42AEF}.Debug|x86.ActiveCfg = Debug|Any CPU
		{FA74D532-5379-40CE-83AA-AA1119E42AEF}.Debug|x86.Build.0 = Debug|Any CPU
		{FA74D532-5379-40CE-83AA-AA1119E42AEF}.Release|Any CPU.ActiveCfg = Release|Any CPU
		{FA74D532-5379-40CE-83AA-AA1119E42AEF}.Release|Any CPU.Build.0 = Release|Any CPU
		{FA74D532-5379-40CE-83AA-AA1119E42AEF}.Release|x64.ActiveCfg = Release|Any CPU
		{FA74D532-5379-40CE-83AA-AA1119E42AEF}.Release|x64.Build.0 = Release|Any CPU
		{FA74D532-5379-40CE-83AA-AA1119E42AEF}.Release|x86.ActiveCfg = Release|Any CPU
		{FA74D532-5379-40CE-83AA-AA1119E42AEF}.Release|x86.Build.0 = Release|Any CPU
		{2AB35DD5-E64D-428F-95A0-3998EF9DA598}.Debug|Any CPU.ActiveCfg = Debug|Any CPU
		{2AB35DD5-E64D-428F-95A0-3998EF9DA598}.Debug|Any CPU.Build.0 = Debug|Any CPU
		{2AB35DD5-E64D-428F-95A0-3998EF9DA598}.Debug|x64.ActiveCfg = Debug|Any CPU
		{2AB35DD5-E64D-428F-95A0-3998EF9DA598}.Debug|x64.Build.0 = Debug|Any CPU
		{2AB35DD5-E64D-428F-95A0-3998EF9DA598}.Debug|x86.ActiveCfg = Debug|Any CPU
		{2AB35DD5-E64D-428F-95A0-3998EF9DA598}.Debug|x86.Build.0 = Debug|Any CPU
		{2AB35DD5-E64D-428F-95A0-3998EF9DA598}.Release|Any CPU.ActiveCfg = Release|Any CPU
		{2AB35DD5-E64D-428F-95A0-3998EF9DA598}.Release|Any CPU.Build.0 = Release|Any CPU
		{2AB35DD5-E64D-428F-95A0-3998EF9DA598}.Release|x64.ActiveCfg = Release|Any CPU
		{2AB35DD5-E64D-428F-95A0-3998EF9DA598}.Release|x64.Build.0 = Release|Any CPU
		{2AB35DD5-E64D-428F-95A0-3998EF9DA598}.Release|x86.ActiveCfg = Release|Any CPU
		{2AB35DD5-E64D-428F-95A0-3998EF9DA598}.Release|x86.Build.0 = Release|Any CPU
	EndGlobalSection
	GlobalSection(SolutionProperties) = preSolution
		HideSolutionNode = FALSE
	EndGlobalSection
	GlobalSection(NestedProjects) = preSolution
		{D1A6371C-8CD0-43F8-835E-7C650D68E297} = {5250B6B5-B041-437F-9EB1-9F9C953C9A3D}
		{E034DF74-30A8-4F1A-AB1F-5FB79754E773} = {5250B6B5-B041-437F-9EB1-9F9C953C9A3D}
		{CECF251D-10C5-4D61-A621-ABDC509A1556} = {5250B6B5-B041-437F-9EB1-9F9C953C9A3D}
		{F69CE541-72AB-4936-A58F-6E2EB7E38380} = {D1A6371C-8CD0-43F8-835E-7C650D68E297}
		{ABBC4AF8-49CE-429D-A7B7-C6D3CD6EB59A} = {D1A6371C-8CD0-43F8-835E-7C650D68E297}
		{628F5F51-2283-4245-889A-3CB6B375ED5C} = {D1A6371C-8CD0-43F8-835E-7C650D68E297}
		{814E913F-DF37-4803-91DF-10E56CBF9796} = {E034DF74-30A8-4F1A-AB1F-5FB79754E773}
		{12DC0BC9-5A7E-44B7-AFC5-FE27D2A45212} = {CECF251D-10C5-4D61-A621-ABDC509A1556}
		{7A2E8F42-F218-4A10-9E74-E35DADE14B22} = {CECF251D-10C5-4D61-A621-ABDC509A1556}
		{D8A7E9C3-5658-4899-A1F8-783E946F8A8D} = {CECF251D-10C5-4D61-A621-ABDC509A1556}
		{680303C5-36BA-48BF-BAB5-819F7D701AB0} = {CECF251D-10C5-4D61-A621-ABDC509A1556}
		{CD752C47-3913-4D57-86D0-8290AC028A75} = {CECF251D-10C5-4D61-A621-ABDC509A1556}
		{8B71A4AB-55C0-48CB-93EB-DA076FAF44F3} = {5250B6B5-B041-437F-9EB1-9F9C953C9A3D}
		{8FE67387-D645-43EF-B9C3-8FAAEADB4139} = {8B71A4AB-55C0-48CB-93EB-DA076FAF44F3}
		{EC438A49-4229-497C-8ADA-96BCA6FDFC58} = {5250B6B5-B041-437F-9EB1-9F9C953C9A3D}
		{87CBFAC9-FAE2-4ED1-A694-CCEBA6973B44} = {EC438A49-4229-497C-8ADA-96BCA6FDFC58}
		{35EAA0B4-7304-4208-89A6-85C7C36FFBD5} = {EC438A49-4229-497C-8ADA-96BCA6FDFC58}
		{054A4240-F802-4D96-87E7-D0E9048AD38F} = {EC438A49-4229-497C-8ADA-96BCA6FDFC58}
		{46842DCB-5B98-458E-98D8-8C10D2968F2C} = {87CBFAC9-FAE2-4ED1-A694-CCEBA6973B44}
		{FA74D532-5379-40CE-83AA-AA1119E42AEF} = {87CBFAC9-FAE2-4ED1-A694-CCEBA6973B44}
		{2AB35DD5-E64D-428F-95A0-3998EF9DA598} = {87CBFAC9-FAE2-4ED1-A694-CCEBA6973B44}
	EndGlobalSection
	GlobalSection(ExtensibilityGlobals) = postSolution
		SolutionGuid = {96F876AF-838F-477B-9C50-66967EB99D28}
	EndGlobalSection
EndGlobal
